
Microsoft Visual Studio Solution File, Format Version 12.00
# Visual Studio Version 17
VisualStudioVersion = 17.7.34024.191
MinimumVisualStudioVersion = 10.0.40219.1
Project("{FAE04EC0-301F-11D3-BF4B-00C04F79EFBC}") = "UdemyTraining_ASP.NET_Core_REST_Web_API", "UdemyTraining_ASP.NET_Core_REST_Web_API.csproj", "{B4F0C459-2DE5-4045-B32A-F3A27A0F267D}"
EndProject
Global
	GlobalSection(SolutionConfigurationPlatforms) = preSolution
		Debug|Any CPU = Debug|Any CPU
		Release|Any CPU = Release|Any CPU
	EndGlobalSection
	GlobalSection(ProjectConfigurationPlatforms) = postSolution
		{B4F0C459-2DE5-4045-B32A-F3A27A0F267D}.Debug|Any CPU.ActiveCfg = Debug|Any CPU
		{B4F0C459-2DE5-4045-B32A-F3A27A0F267D}.Debug|Any CPU.Build.0 = Debug|Any CPU
		{B4F0C459-2DE5-4045-B32A-F3A27A0F267D}.Release|Any CPU.ActiveCfg = Release|Any CPU
		{B4F0C459-2DE5-4045-B32A-F3A27A0F267D}.Release|Any CPU.Build.0 = Release|Any CPU
	EndGlobalSection
	GlobalSection(SolutionProperties) = preSolution
		HideSolutionNode = FALSE
	EndGlobalSection
	GlobalSection(ExtensibilityGlobals) = postSolution
		SolutionGuid = {8BB95846-15EB-4A02-9861-E058642698D5}
	EndGlobalSection
EndGlobal
